{
	"name": "backend",
	"version": "1.0.0",
	"lockfileVersion": 3,
	"requires": true,
	"packages": {
		"": {
			"name": "backend",
			"version": "1.0.0",
			"license": "ISC",
			"dependencies": {
				"@hono/node-server": "^1.14.1",
				"better-auth": "^1.2.7",
				"better-fetch": "^1.1.2",
				"dotenv": "^16.5.0",
				"drizzle-orm": "^0.42.0",
				"expo-passkey": "^0.1.0-beta.20",
				"hono": "^4.7.7",
				"zod": "^3.24.3"
			},
			"devDependencies": {
				"@types/express": "^5.0.1"
			}
		},
		"node_modules/@better-auth/utils": {
			"version": "0.2.4",
			"resolved": "https://registry.npmjs.org/@better-auth/utils/-/utils-0.2.4.tgz",
			"integrity": "sha512-ayiX87Xd5sCHEplAdeMgwkA0FgnXsEZBgDn890XHHwSWNqqRZDYOq3uj2Ei2leTv1I2KbG5HHn60Ah1i2JWZjQ==",
			"license": "MIT",
			"dependencies": {
				"typescript": "^5.8.2",
				"uncrypto": "^0.1.3"
			}
		},
		"node_modules/@better-fetch/fetch": {
			"version": "1.1.18",
			"resolved": "https://registry.npmjs.org/@better-fetch/fetch/-/fetch-1.1.18.tgz",
			"integrity": "sha512-rEFOE1MYIsBmoMJtQbl32PGHHXuG2hDxvEd7rUHE0vCBoFQVSDqaVs9hkZEtHCxRoY+CljXKFCOuJ8uxqw1LcA=="
		},
		"node_modules/@hexagon/base64": {
			"version": "1.1.28",
			"resolved": "https://registry.npmjs.org/@hexagon/base64/-/base64-1.1.28.tgz",
			"integrity": "sha512-lhqDEAvWixy3bZ+UOYbPwUbBkwBq5C1LAJ/xPC8Oi+lL54oyakv/npbA0aU2hgCsx/1NUd4IBvV03+aUBWxerw==",
			"license": "MIT"
		},
		"node_modules/@hono/node-server": {
			"version": "1.14.1",
			"resolved": "https://registry.npmjs.org/@hono/node-server/-/node-server-1.14.1.tgz",
			"integrity": "sha512-vmbuM+HPinjWzPe7FFPWMMQMsbKE9gDPhaH0FFdqbGpkT5lp++tcWDTxwBl5EgS5y6JVgIaCdjeHRfQ4XRBRjQ==",
			"license": "MIT",
			"engines": {
				"node": ">=18.14.1"
			},
			"peerDependencies": {
				"hono": "^4"
			}
		},
		"node_modules/@levischuck/tiny-cbor": {
			"version": "0.2.11",
			"resolved": "https://registry.npmjs.org/@levischuck/tiny-cbor/-/tiny-cbor-0.2.11.tgz",
			"integrity": "sha512-llBRm4dT4Z89aRsm6u2oEZ8tfwL/2l6BwpZ7JcyieouniDECM5AqNgr/y08zalEIvW3RSK4upYyybDcmjXqAow==",
			"license": "MIT"
		},
		"node_modules/@libsql/client": {
			"version": "0.15.4",
			"resolved": "https://registry.npmjs.org/@libsql/client/-/client-0.15.4.tgz",
			"integrity": "sha512-m8a7giWlhLdfKVIZFd3UlBptWTS+H0toSOL09BxbqzBeFHwuVC+5ewyi4LMBxoy2TLNQGE4lO8cwpsTWmu695w==",
			"license": "MIT",
			"optional": true,
			"peer": true,
			"dependencies": {
				"@libsql/core": "^0.15.4",
				"@libsql/hrana-client": "^0.7.0",
				"js-base64": "^3.7.5",
				"libsql": "^0.5.6",
				"promise-limit": "^2.7.0"
			}
		},
		"node_modules/@libsql/core": {
			"version": "0.15.4",
			"resolved": "https://registry.npmjs.org/@libsql/core/-/core-0.15.4.tgz",
			"integrity": "sha512-NMvh6xnn3vrcd7DNehj0HiJcRWB2a8hHhJUTkOBej3Pf3KB21HOmdOUjXxJ5pGbjWXh4ezQBmHtF5ozFhocXaA==",
			"license": "MIT",
			"optional": true,
			"peer": true,
			"dependencies": {
				"js-base64": "^3.7.5"
			}
		},
		"node_modules/@libsql/darwin-arm64": {
			"version": "0.5.7",
			"resolved": "https://registry.npmjs.org/@libsql/darwin-arm64/-/darwin-arm64-0.5.7.tgz",
			"integrity": "sha512-3rex2cdEihYY5HIxOvn66CxdvEtjQDXyrX+EggaV3Qf4vZOWeow+jIqVjZoNLmfb7AwJuSL088G645zyMitcbQ==",
			"cpu": [
				"arm64"
			],
			"license": "MIT",
			"optional": true,
			"os": [
				"darwin"
			],
			"peer": true
		},
		"node_modules/@libsql/darwin-x64": {
			"version": "0.5.7",
			"resolved": "https://registry.npmjs.org/@libsql/darwin-x64/-/darwin-x64-0.5.7.tgz",
			"integrity": "sha512-OEJPm0G+s+MZhBpf5TNTj9ODRPwIiBjtrHJoYNsGm0fPZM62wdHryLAGqu6gl4IuQ+e4GzC3c5c8J0lu4u6p+A==",
			"cpu": [
				"x64"
			],
			"license": "MIT",
			"optional": true,
			"os": [
				"darwin"
			],
			"peer": true
		},
		"node_modules/@libsql/hrana-client": {
			"version": "0.7.0",
			"resolved": "https://registry.npmjs.org/@libsql/hrana-client/-/hrana-client-0.7.0.tgz",
			"integrity": "sha512-OF8fFQSkbL7vJY9rfuegK1R7sPgQ6kFMkDamiEccNUvieQ+3urzfDFI616oPl8V7T9zRmnTkSjMOImYCAVRVuw==",
			"license": "MIT",
			"optional": true,
			"peer": true,
			"dependencies": {
				"@libsql/isomorphic-fetch": "^0.3.1",
				"@libsql/isomorphic-ws": "^0.1.5",
				"js-base64": "^3.7.5",
				"node-fetch": "^3.3.2"
			}
		},
		"node_modules/@libsql/isomorphic-fetch": {
			"version": "0.3.1",
			"resolved": "https://registry.npmjs.org/@libsql/isomorphic-fetch/-/isomorphic-fetch-0.3.1.tgz",
			"integrity": "sha512-6kK3SUK5Uu56zPq/Las620n5aS9xJq+jMBcNSOmjhNf/MUvdyji4vrMTqD7ptY7/4/CAVEAYDeotUz60LNQHtw==",
			"license": "MIT",
			"optional": true,
			"peer": true,
			"engines": {
				"node": ">=18.0.0"
			}
		},
		"node_modules/@libsql/isomorphic-ws": {
			"version": "0.1.5",
			"resolved": "https://registry.npmjs.org/@libsql/isomorphic-ws/-/isomorphic-ws-0.1.5.tgz",
			"integrity": "sha512-DtLWIH29onUYR00i0GlQ3UdcTRC6EP4u9w/h9LxpUZJWRMARk6dQwZ6Jkd+QdwVpuAOrdxt18v0K2uIYR3fwFg==",
			"license": "MIT",
			"optional": true,
			"peer": true,
			"dependencies": {
				"@types/ws": "^8.5.4",
				"ws": "^8.13.0"
			}
		},
		"node_modules/@libsql/linux-arm64-gnu": {
			"version": "0.5.7",
			"resolved": "https://registry.npmjs.org/@libsql/linux-arm64-gnu/-/linux-arm64-gnu-0.5.7.tgz",
			"integrity": "sha512-86PusgAOzxu8e/8YCxwdbi8/6HkBRWW49FCXgAqVjlDaNC/08jSQy7XnIZuRqHYRNg9uXk3fZ+Nug/6kbEqH5Q==",
			"cpu": [
				"arm64"
			],
			"license": "MIT",
			"optional": true,
			"os": [
				"linux"
			],
			"peer": true
		},
		"node_modules/@libsql/linux-arm64-musl": {
			"version": "0.5.7",
			"resolved": "https://registry.npmjs.org/@libsql/linux-arm64-musl/-/linux-arm64-musl-0.5.7.tgz",
			"integrity": "sha512-KSNrF4wd7xqQQYx12PrF808QhX5oL+EwvzippvDs/NNJWSM035AwCG0z2t7tqNVTZWaN6MVuRGbMlhQDCFj66w==",
			"cpu": [
				"arm64"
			],
			"license": "MIT",
			"optional": true,
			"os": [
				"linux"
			],
			"peer": true
		},
		"node_modules/@libsql/linux-x64-gnu": {
			"version": "0.5.7",
			"resolved": "https://registry.npmjs.org/@libsql/linux-x64-gnu/-/linux-x64-gnu-0.5.7.tgz",
			"integrity": "sha512-gMHAKtn2UuIJdFU1DeHD2CgIEhT5OZFJtyyTFXNVs2A4VZmjlOmss+QVANO59cO4/3E4MnJQ1KyJF4fbBNp9fw==",
			"cpu": [
				"x64"
			],
			"license": "MIT",
			"optional": true,
			"os": [
				"linux"
			],
			"peer": true
		},
		"node_modules/@libsql/linux-x64-musl": {
			"version": "0.5.7",
			"resolved": "https://registry.npmjs.org/@libsql/linux-x64-musl/-/linux-x64-musl-0.5.7.tgz",
			"integrity": "sha512-qh6nLCZ+YI6fKRCR525Ryw/LHd7vNvi/A7hhPtlwewYkxUumNsz7t9kwTlhXFlYmBNmOYP/FfaP+vj5CHvZvrQ==",
			"cpu": [
				"x64"
			],
			"license": "MIT",
			"optional": true,
			"os": [
				"linux"
			],
			"peer": true
		},
		"node_modules/@libsql/win32-x64-msvc": {
			"version": "0.5.7",
			"resolved": "https://registry.npmjs.org/@libsql/win32-x64-msvc/-/win32-x64-msvc-0.5.7.tgz",
			"integrity": "sha512-66c5bN2UF6rnuvzxgRLRkrAXMlv2aNYivPjMa175M0IVbFB3XQl1joOL2hO4/HxijL5xHf7xYJxs7X6HvpiG7Q==",
			"cpu": [
				"x64"
			],
			"license": "MIT",
			"optional": true,
			"os": [
				"win32"
			],
			"peer": true
		},
		"node_modules/@neon-rs/load": {
			"version": "0.0.4",
			"resolved": "https://registry.npmjs.org/@neon-rs/load/-/load-0.0.4.tgz",
			"integrity": "sha512-kTPhdZyTQxB+2wpiRcFWrDcejc4JI6tkPuS7UZCG4l6Zvc5kU/gGQ/ozvHTh1XR5tS+UlfAfGuPajjzQjCiHCw==",
			"license": "MIT",
			"optional": true,
			"peer": true
		},
		"node_modules/@noble/ciphers": {
			"version": "0.6.0",
			"resolved": "https://registry.npmjs.org/@noble/ciphers/-/ciphers-0.6.0.tgz",
			"integrity": "sha512-mIbq/R9QXk5/cTfESb1OKtyFnk7oc1Om/8onA1158K9/OZUQFDEVy55jVTato+xmp3XX6F6Qh0zz0Nc1AxAlRQ==",
			"license": "MIT",
			"funding": {
				"url": "https://paulmillr.com/funding/"
			}
		},
		"node_modules/@noble/hashes": {
			"version": "1.7.2",
			"resolved": "https://registry.npmjs.org/@noble/hashes/-/hashes-1.7.2.tgz",
			"integrity": "sha512-biZ0NUSxyjLLqo6KxEJ1b+C2NAx0wtDoFvCaXHGgUkeHzf3Xc1xKumFKREuT7f7DARNZ/slvYUwFG6B0f2b6hQ==",
			"license": "MIT",
			"engines": {
				"node": "^14.21.3 || >=16"
			},
			"funding": {
				"url": "https://paulmillr.com/funding/"
			}
		},
		"node_modules/@peculiar/asn1-android": {
			"version": "2.3.16",
			"resolved": "https://registry.npmjs.org/@peculiar/asn1-android/-/asn1-android-2.3.16.tgz",
			"integrity": "sha512-a1viIv3bIahXNssrOIkXZIlI2ePpZaNmR30d4aBL99mu2rO+mT9D6zBsp7H6eROWGtmwv0Ionp5olJurIo09dw==",
			"license": "MIT",
			"dependencies": {
				"@peculiar/asn1-schema": "^2.3.15",
				"asn1js": "^3.0.5",
				"tslib": "^2.8.1"
			}
		},
		"node_modules/@peculiar/asn1-ecc": {
			"version": "2.3.15",
			"resolved": "https://registry.npmjs.org/@peculiar/asn1-ecc/-/asn1-ecc-2.3.15.tgz",
			"integrity": "sha512-/HtR91dvgog7z/WhCVdxZJ/jitJuIu8iTqiyWVgRE9Ac5imt2sT/E4obqIVGKQw7PIy+X6i8lVBoT6wC73XUgA==",
			"license": "MIT",
			"dependencies": {
				"@peculiar/asn1-schema": "^2.3.15",
				"@peculiar/asn1-x509": "^2.3.15",
				"asn1js": "^3.0.5",
				"tslib": "^2.8.1"
			}
		},
		"node_modules/@peculiar/asn1-rsa": {
			"version": "2.3.15",
			"resolved": "https://registry.npmjs.org/@peculiar/asn1-rsa/-/asn1-rsa-2.3.15.tgz",
			"integrity": "sha512-p6hsanvPhexRtYSOHihLvUUgrJ8y0FtOM97N5UEpC+VifFYyZa0iZ5cXjTkZoDwxJ/TTJ1IJo3HVTB2JJTpXvg==",
			"license": "MIT",
			"dependencies": {
				"@peculiar/asn1-schema": "^2.3.15",
				"@peculiar/asn1-x509": "^2.3.15",
				"asn1js": "^3.0.5",
				"tslib": "^2.8.1"
			}
		},
		"node_modules/@peculiar/asn1-schema": {
			"version": "2.3.15",
			"resolved": "https://registry.npmjs.org/@peculiar/asn1-schema/-/asn1-schema-2.3.15.tgz",
			"integrity": "sha512-QPeD8UA8axQREpgR5UTAfu2mqQmm97oUqahDtNdBcfj3qAnoXzFdQW+aNf/tD2WVXF8Fhmftxoj0eMIT++gX2w==",
			"license": "MIT",
			"dependencies": {
				"asn1js": "^3.0.5",
				"pvtsutils": "^1.3.6",
				"tslib": "^2.8.1"
			}
		},
		"node_modules/@peculiar/asn1-x509": {
			"version": "2.3.15",
			"resolved": "https://registry.npmjs.org/@peculiar/asn1-x509/-/asn1-x509-2.3.15.tgz",
			"integrity": "sha512-0dK5xqTqSLaxv1FHXIcd4Q/BZNuopg+u1l23hT9rOmQ1g4dNtw0g/RnEi+TboB0gOwGtrWn269v27cMgchFIIg==",
			"license": "MIT",
			"dependencies": {
				"@peculiar/asn1-schema": "^2.3.15",
				"asn1js": "^3.0.5",
				"pvtsutils": "^1.3.6",
				"tslib": "^2.8.1"
			}
		},
		"node_modules/@simplewebauthn/browser": {
			"version": "13.1.0",
			"resolved": "https://registry.npmjs.org/@simplewebauthn/browser/-/browser-13.1.0.tgz",
			"integrity": "sha512-WuHZ/PYvyPJ9nxSzgHtOEjogBhwJfC8xzYkPC+rR/+8chl/ft4ngjiK8kSU5HtRJfczupyOh33b25TjYbvwAcg==",
			"license": "MIT"
		},
		"node_modules/@simplewebauthn/server": {
			"version": "13.1.1",
			"resolved": "https://registry.npmjs.org/@simplewebauthn/server/-/server-13.1.1.tgz",
			"integrity": "sha512-1hsLpRHfSuMB9ee2aAdh0Htza/X3f4djhYISrggqGe3xopNjOcePiSDkDDoPzDYaaMCrbqGP1H2TYU7bgL9PmA==",
			"license": "MIT",
			"dependencies": {
				"@hexagon/base64": "^1.1.27",
				"@levischuck/tiny-cbor": "^0.2.2",
				"@peculiar/asn1-android": "^2.3.10",
				"@peculiar/asn1-ecc": "^2.3.8",
				"@peculiar/asn1-rsa": "^2.3.8",
				"@peculiar/asn1-schema": "^2.3.8",
				"@peculiar/asn1-x509": "^2.3.8"
			},
			"engines": {
				"node": ">=20.0.0"
			}
		},
		"node_modules/@types/body-parser": {
			"version": "1.19.5",
			"resolved": "https://registry.npmjs.org/@types/body-parser/-/body-parser-1.19.5.tgz",
			"integrity": "sha512-fB3Zu92ucau0iQ0JMCFQE7b/dv8Ot07NI3KaZIkIUNXq82k4eBAqUaneXfleGY9JWskeS9y+u0nXMyspcuQrCg==",
			"dev": true,
			"license": "MIT",
			"dependencies": {
				"@types/connect": "*",
				"@types/node": "*"
			}
		},
		"node_modules/@types/connect": {
			"version": "3.4.38",
			"resolved": "https://registry.npmjs.org/@types/connect/-/connect-3.4.38.tgz",
			"integrity": "sha512-K6uROf1LD88uDQqJCktA4yzL1YYAK6NgfsI0v/mTgyPKWsX1CnJ0XPSDhViejru1GcRkLWb8RlzFYJRqGUbaug==",
			"dev": true,
			"license": "MIT",
			"dependencies": {
				"@types/node": "*"
			}
		},
		"node_modules/@types/express": {
			"version": "5.0.1",
			"resolved": "https://registry.npmjs.org/@types/express/-/express-5.0.1.tgz",
			"integrity": "sha512-UZUw8vjpWFXuDnjFTh7/5c2TWDlQqeXHi6hcN7F2XSVT5P+WmUnnbFS3KA6Jnc6IsEqI2qCVu2bK0R0J4A8ZQQ==",
			"dev": true,
			"license": "MIT",
			"dependencies": {
				"@types/body-parser": "*",
				"@types/express-serve-static-core": "^5.0.0",
				"@types/serve-static": "*"
			}
		},
		"node_modules/@types/express-serve-static-core": {
			"version": "5.0.6",
			"resolved": "https://registry.npmjs.org/@types/express-serve-static-core/-/express-serve-static-core-5.0.6.tgz",
			"integrity": "sha512-3xhRnjJPkULekpSzgtoNYYcTWgEZkp4myc+Saevii5JPnHNvHMRlBSHDbs7Bh1iPPoVTERHEZXyhyLbMEsExsA==",
			"dev": true,
			"license": "MIT",
			"dependencies": {
				"@types/node": "*",
				"@types/qs": "*",
				"@types/range-parser": "*",
				"@types/send": "*"
			}
		},
		"node_modules/@types/http-errors": {
			"version": "2.0.4",
			"resolved": "https://registry.npmjs.org/@types/http-errors/-/http-errors-2.0.4.tgz",
			"integrity": "sha512-D0CFMMtydbJAegzOyHjtiKPLlvnm3iTZyZRSZoLq2mRhDdmLfIWOCYPfQJ4cu2erKghU++QvjcUjp/5h7hESpA==",
			"dev": true,
			"license": "MIT"
		},
		"node_modules/@types/mime": {
			"version": "1.3.5",
			"resolved": "https://registry.npmjs.org/@types/mime/-/mime-1.3.5.tgz",
			"integrity": "sha512-/pyBZWSLD2n0dcHE3hq8s8ZvcETHtEuF+3E7XVt0Ig2nvsVQXdghHVcEkIWjy9A0wKfTn97a/PSDYohKIlnP/w==",
			"dev": true,
			"license": "MIT"
		},
		"node_modules/@types/node": {
			"version": "22.14.1",
			"resolved": "https://registry.npmjs.org/@types/node/-/node-22.14.1.tgz",
			"integrity": "sha512-u0HuPQwe/dHrItgHHpmw3N2fYCR6x4ivMNbPHRkBVP4CvN+kiRrKHWk3i8tXiO/joPwXLMYvF9TTF0eqgHIuOw==",
			"devOptional": true,
			"license": "MIT",
			"dependencies": {
				"undici-types": "~6.21.0"
			}
		},
		"node_modules/@types/qs": {
			"version": "6.9.18",
			"resolved": "https://registry.npmjs.org/@types/qs/-/qs-6.9.18.tgz",
			"integrity": "sha512-kK7dgTYDyGqS+e2Q4aK9X3D7q234CIZ1Bv0q/7Z5IwRDoADNU81xXJK/YVyLbLTZCoIwUoDoffFeF+p/eIklAA==",
			"dev": true,
			"license": "MIT"
		},
		"node_modules/@types/range-parser": {
			"version": "1.2.7",
			"resolved": "https://registry.npmjs.org/@types/range-parser/-/range-parser-1.2.7.tgz",
			"integrity": "sha512-hKormJbkJqzQGhziax5PItDUTMAM9uE2XXQmM37dyd4hVM+5aVl7oVxMVUiVQn2oCQFN/LKCZdvSM0pFRqbSmQ==",
			"dev": true,
			"license": "MIT"
		},
		"node_modules/@types/send": {
			"version": "0.17.4",
			"resolved": "https://registry.npmjs.org/@types/send/-/send-0.17.4.tgz",
			"integrity": "sha512-x2EM6TJOybec7c52BX0ZspPodMsQUd5L6PRwOunVyVUhXiBSKf3AezDL8Dgvgt5o0UfKNfuA0eMLr2wLT4AiBA==",
			"dev": true,
			"license": "MIT",
			"dependencies": {
				"@types/mime": "^1",
				"@types/node": "*"
			}
		},
		"node_modules/@types/serve-static": {
			"version": "1.15.7",
			"resolved": "https://registry.npmjs.org/@types/serve-static/-/serve-static-1.15.7.tgz",
			"integrity": "sha512-W8Ym+h8nhuRwaKPaDw34QUkwsGi6Rc4yYqvKFo5rm2FUEhCFbzVWrxXUxuKK8TASjWsysJY0nsmNCGhCOIsrOw==",
			"dev": true,
			"license": "MIT",
			"dependencies": {
				"@types/http-errors": "*",
				"@types/node": "*",
				"@types/send": "*"
			}
		},
		"node_modules/@types/ws": {
			"version": "8.18.1",
			"resolved": "https://registry.npmjs.org/@types/ws/-/ws-8.18.1.tgz",
			"integrity": "sha512-ThVF6DCVhA8kUGy+aazFQ4kXQ7E1Ty7A3ypFOe0IcJV8O/M511G99AW24irKrW56Wt44yG9+ij8FaqoBGkuBXg==",
			"license": "MIT",
			"optional": true,
			"peer": true,
			"dependencies": {
				"@types/node": "*"
			}
		},
		"node_modules/asn1js": {
			"version": "3.0.6",
			"resolved": "https://registry.npmjs.org/asn1js/-/asn1js-3.0.6.tgz",
			"integrity": "sha512-UOCGPYbl0tv8+006qks/dTgV9ajs97X2p0FAbyS2iyCRrmLSRolDaHdp+v/CLgnzHc3fVB+CwYiUmei7ndFcgA==",
			"license": "BSD-3-Clause",
			"dependencies": {
				"pvtsutils": "^1.3.6",
				"pvutils": "^1.1.3",
				"tslib": "^2.8.1"
			},
			"engines": {
				"node": ">=12.0.0"
			}
		},
		"node_modules/better-auth": {
			"version": "1.2.7",
			"resolved": "https://registry.npmjs.org/better-auth/-/better-auth-1.2.7.tgz",
			"integrity": "sha512-2hCB263GSrgetsMUZw8vv9O1e4S4AlYJW3P4e8bX9u3Q3idv4u9BzDFCblpTLuL4YjYovghMCN0vurAsctXOAQ==",
			"dependencies": {
				"@better-auth/utils": "0.2.4",
				"@better-fetch/fetch": "^1.1.18",
				"@noble/ciphers": "^0.6.0",
				"@noble/hashes": "^1.6.1",
				"@simplewebauthn/browser": "^13.0.0",
				"@simplewebauthn/server": "^13.0.0",
				"better-call": "^1.0.8",
				"defu": "^6.1.4",
				"jose": "^5.9.6",
				"kysely": "^0.27.6",
				"nanostores": "^0.11.3",
				"zod": "^3.24.1"
			}
		},
		"node_modules/better-call": {
			"version": "1.0.8",
			"resolved": "https://registry.npmjs.org/better-call/-/better-call-1.0.8.tgz",
			"integrity": "sha512-/PV8JLqDRUN7JyBPbklVsS/8E4SO3pnf8hbpa8B7xrBrr+BBYpeOAxoqtnsyk/pRs35vNB4MZx8cn9dBuNlLDA==",
			"dependencies": {
				"@better-fetch/fetch": "^1.1.4",
				"rou3": "^0.5.1",
				"set-cookie-parser": "^2.7.1",
				"uncrypto": "^0.1.3"
			}
		},
		"node_modules/better-fetch": {
			"version": "1.1.2",
			"resolved": "https://registry.npmjs.org/better-fetch/-/better-fetch-1.1.2.tgz",
			"integrity": "sha512-Qxvnc3WAbpNZcVXxqKmYHp7nCbAhG/gg+jOIHWep7eJxKZyogsymi+iHoHpbCSt7WCET78LCPiqs9MuSZ6+y7Q==",
			"license": "MIT"
		},
		"node_modules/data-uri-to-buffer": {
			"version": "4.0.1",
			"resolved": "https://registry.npmjs.org/data-uri-to-buffer/-/data-uri-to-buffer-4.0.1.tgz",
			"integrity": "sha512-0R9ikRb668HB7QDxT1vkpuUBtqc53YyAwMwGeUFKRojY/NWKvdZ+9UYtRfGmhqNbRkTSVpMbmyhXipFFv2cb/A==",
			"license": "MIT",
			"optional": true,
			"peer": true,
			"engines": {
				"node": ">= 12"
			}
		},
		"node_modules/defu": {
			"version": "6.1.4",
			"resolved": "https://registry.npmjs.org/defu/-/defu-6.1.4.tgz",
			"integrity": "sha512-mEQCMmwJu317oSz8CwdIOdwf3xMif1ttiM8LTufzc3g6kR+9Pe236twL8j3IYT1F7GfRgGcW6MWxzZjLIkuHIg==",
			"license": "MIT"
		},
		"node_modules/detect-libc": {
			"version": "2.0.2",
			"resolved": "https://registry.npmjs.org/detect-libc/-/detect-libc-2.0.2.tgz",
			"integrity": "sha512-UX6sGumvvqSaXgdKGUsgZWqcUyIXZ/vZTrlRT/iobiKhGL0zL4d3osHj3uqllWJK+i+sixDS/3COVEOFbupFyw==",
			"license": "Apache-2.0",
			"optional": true,
			"peer": true,
			"engines": {
				"node": ">=8"
			}
		},
		"node_modules/dotenv": {
			"version": "16.5.0",
			"resolved": "https://registry.npmjs.org/dotenv/-/dotenv-16.5.0.tgz",
			"integrity": "sha512-m/C+AwOAr9/W1UOIZUo232ejMNnJAJtYQjUbHoNTBNTJSvqzzDh7vnrei3o3r3m9blf6ZoDkvcw0VmozNRFJxg==",
			"license": "BSD-2-Clause",
			"engines": {
				"node": ">=12"
			},
			"funding": {
				"url": "https://dotenvx.com"
			}
		},
		"node_modules/drizzle-orm": {
			"version": "0.42.0",
			"resolved": "https://registry.npmjs.org/drizzle-orm/-/drizzle-orm-0.42.0.tgz",
			"integrity": "sha512-pS8nNJm2kBNZwrOjTHJfdKkaU+KuUQmV/vk5D57NojDq4FG+0uAYGMulXtYT///HfgsMF0hnFFvu1ezI3OwOkg==",
			"license": "Apache-2.0",
			"peerDependencies": {
				"@aws-sdk/client-rds-data": ">=3",
				"@cloudflare/workers-types": ">=4",
				"@electric-sql/pglite": ">=0.2.0",
				"@libsql/client": ">=0.10.0",
				"@libsql/client-wasm": ">=0.10.0",
				"@neondatabase/serverless": ">=0.10.0",
				"@op-engineering/op-sqlite": ">=2",
				"@opentelemetry/api": "^1.4.1",
				"@planetscale/database": ">=1.13",
				"@prisma/client": "*",
				"@tidbcloud/serverless": "*",
				"@types/better-sqlite3": "*",
				"@types/pg": "*",
				"@types/sql.js": "*",
				"@vercel/postgres": ">=0.8.0",
				"@xata.io/client": "*",
				"better-sqlite3": ">=7",
				"bun-types": "*",
				"expo-sqlite": ">=14.0.0",
				"gel": ">=2",
				"knex": "*",
				"kysely": "*",
				"mysql2": ">=2",
				"pg": ">=8",
				"postgres": ">=3",
				"sql.js": ">=1",
				"sqlite3": ">=5"
			},
			"peerDependenciesMeta": {
				"@aws-sdk/client-rds-data": {
					"optional": true
				},
				"@cloudflare/workers-types": {
					"optional": true
				},
				"@electric-sql/pglite": {
					"optional": true
				},
				"@libsql/client": {
					"optional": true
				},
				"@libsql/client-wasm": {
					"optional": true
				},
				"@neondatabase/serverless": {
					"optional": true
				},
				"@op-engineering/op-sqlite": {
					"optional": true
				},
				"@opentelemetry/api": {
					"optional": true
				},
				"@planetscale/database": {
					"optional": true
				},
				"@prisma/client": {
					"optional": true
				},
				"@tidbcloud/serverless": {
					"optional": true
				},
				"@types/better-sqlite3": {
					"optional": true
				},
				"@types/pg": {
					"optional": true
				},
				"@types/sql.js": {
					"optional": true
				},
				"@vercel/postgres": {
					"optional": true
				},
				"@xata.io/client": {
					"optional": true
				},
				"better-sqlite3": {
					"optional": true
				},
				"bun-types": {
					"optional": true
				},
				"expo-sqlite": {
					"optional": true
				},
				"gel": {
					"optional": true
				},
				"knex": {
					"optional": true
				},
				"kysely": {
					"optional": true
				},
				"mysql2": {
					"optional": true
				},
				"pg": {
					"optional": true
				},
				"postgres": {
					"optional": true
				},
				"prisma": {
					"optional": true
				},
				"sql.js": {
					"optional": true
				},
				"sqlite3": {
					"optional": true
				}
			}
		},
		"node_modules/expo-passkey": {
			"version": "0.1.0-beta.20",
			"resolved": "https://registry.npmjs.org/expo-passkey/-/expo-passkey-0.1.0-beta.20.tgz",
			"integrity": "sha512-crXIggWq/rVTeKQNOU67iqvKxS7S+sDrtS3wiD5JAJp8GfqiO+Zp//UNEXcp3Cn47CEiowShFkK9EC8kKbr/uQ==",
			"license": "MIT",
			"peerDependencies": {
				"@better-auth/expo": "^1.0.0",
				"@better-fetch/fetch": "^1.0.0",
				"better-auth": "^1.0.0",
				"expo": ">=50.0.0",
				"expo-application": ">=5.0.0",
				"expo-crypto": ">=12.0.0",
				"expo-device": ">=5.0.0",
				"expo-local-authentication": ">=13.0.0",
				"expo-secure-store": ">=12.0.0",
				"react-native": "*",
				"zod": "^3.0.0"
			},
			"peerDependenciesMeta": {
				"@better-auth/expo": {
					"optional": true
				},
				"expo": {
					"optional": true
				},
				"expo-application": {
					"optional": true
				},
				"expo-crypto": {
					"optional": true
				},
				"expo-device": {
					"optional": true
				},
				"expo-local-authentication": {
					"optional": true
				},
				"expo-secure-store": {
					"optional": true
				},
				"react-native": {
					"optional": true
				}
			}
		},
		"node_modules/fetch-blob": {
			"version": "3.2.0",
			"resolved": "https://registry.npmjs.org/fetch-blob/-/fetch-blob-3.2.0.tgz",
			"integrity": "sha512-7yAQpD2UMJzLi1Dqv7qFYnPbaPx7ZfFK6PiIxQ4PfkGPyNyl2Ugx+a/umUonmKqjhM4DnfbMvdX6otXq83soQQ==",
			"funding": [
				{
					"type": "github",
					"url": "https://github.com/sponsors/jimmywarting"
				},
				{
					"type": "paypal",
					"url": "https://paypal.me/jimmywarting"
				}
			],
			"license": "MIT",
			"optional": true,
			"peer": true,
			"dependencies": {
				"node-domexception": "^1.0.0",
				"web-streams-polyfill": "^3.0.3"
			},
			"engines": {
				"node": "^12.20 || >= 14.13"
			}
		},
		"node_modules/formdata-polyfill": {
			"version": "4.0.10",
			"resolved": "https://registry.npmjs.org/formdata-polyfill/-/formdata-polyfill-4.0.10.tgz",
			"integrity": "sha512-buewHzMvYL29jdeQTVILecSaZKnt/RJWjoZCF5OW60Z67/GmSLBkOFM7qh1PI3zFNtJbaZL5eQu1vLfazOwj4g==",
			"license": "MIT",
			"optional": true,
			"peer": true,
			"dependencies": {
				"fetch-blob": "^3.1.2"
			},
			"engines": {
				"node": ">=12.20.0"
			}
		},
		"node_modules/hono": {
			"version": "4.7.7",
			"resolved": "https://registry.npmjs.org/hono/-/hono-4.7.7.tgz",
			"integrity": "sha512-2PCpQRbN87Crty8/L/7akZN3UyZIAopSoRxCwRbJgUuV1+MHNFHzYFxZTg4v/03cXUm+jce/qa2VSBZpKBm3Qw==",
			"license": "MIT",
			"engines": {
				"node": ">=16.9.0"
			}
		},
		"node_modules/jose": {
			"version": "5.10.0",
			"resolved": "https://registry.npmjs.org/jose/-/jose-5.10.0.tgz",
			"integrity": "sha512-s+3Al/p9g32Iq+oqXxkW//7jk2Vig6FF1CFqzVXoTUXt2qz89YWbL+OwS17NFYEvxC35n0FKeGO2LGYSxeM2Gg==",
			"license": "MIT",
			"funding": {
				"url": "https://github.com/sponsors/panva"
			}
		},
		"node_modules/js-base64": {
			"version": "3.7.7",
			"resolved": "https://registry.npmjs.org/js-base64/-/js-base64-3.7.7.tgz",
			"integrity": "sha512-7rCnleh0z2CkXhH67J8K1Ytz0b2Y+yxTPL+/KOJoa20hfnVQ/3/T6W/KflYI4bRHRagNeXeU2bkNGI3v1oS/lw==",
			"license": "BSD-3-Clause",
			"optional": true,
			"peer": true
		},
		"node_modules/kysely": {
			"version": "0.27.6",
			"resolved": "https://registry.npmjs.org/kysely/-/kysely-0.27.6.tgz",
			"integrity": "sha512-FIyV/64EkKhJmjgC0g2hygpBv5RNWVPyNCqSAD7eTCv6eFWNIi4PN1UvdSJGicN/o35bnevgis4Y0UDC0qi8jQ==",
			"license": "MIT",
			"engines": {
				"node": ">=14.0.0"
			}
		},
		"node_modules/libsql": {
			"version": "0.5.7",
			"resolved": "https://registry.npmjs.org/libsql/-/libsql-0.5.7.tgz",
			"integrity": "sha512-YbWW3YsGZl6PrBRNAtUVuMLqKRqYcYPa/QqhQCuR67SlcOHIhJ11ksTLAHxXkDRJs6kSrzr9JgGJGJQ91e1Bww==",
			"cpu": [
				"x64",
				"arm64",
				"wasm32"
			],
			"license": "MIT",
			"optional": true,
			"os": [
				"darwin",
				"linux",
				"win32"
			],
			"peer": true,
			"dependencies": {
				"@neon-rs/load": "^0.0.4",
				"detect-libc": "2.0.2"
			},
			"optionalDependencies": {
				"@libsql/darwin-arm64": "0.5.7",
				"@libsql/darwin-x64": "0.5.7",
				"@libsql/linux-arm64-gnu": "0.5.7",
				"@libsql/linux-arm64-musl": "0.5.7",
				"@libsql/linux-x64-gnu": "0.5.7",
				"@libsql/linux-x64-musl": "0.5.7",
				"@libsql/win32-x64-msvc": "0.5.7"
			}
		},
		"node_modules/nanostores": {
			"version": "0.11.4",
			"resolved": "https://registry.npmjs.org/nanostores/-/nanostores-0.11.4.tgz",
			"integrity": "sha512-k1oiVNN4hDK8NcNERSZLQiMfRzEGtfnvZvdBvey3SQbgn8Dcrk0h1I6vpxApjb10PFUflZrgJ2WEZyJQ+5v7YQ==",
			"funding": [
				{
					"type": "github",
					"url": "https://github.com/sponsors/ai"
				}
			],
			"license": "MIT",
			"engines": {
				"node": "^18.0.0 || >=20.0.0"
			}
		},
		"node_modules/node-domexception": {
			"version": "1.0.0",
			"resolved": "https://registry.npmjs.org/node-domexception/-/node-domexception-1.0.0.tgz",
			"integrity": "sha512-/jKZoMpw0F8GRwl4/eLROPA3cfcXtLApP0QzLmUT/HuPCZWyB7IY9ZrMeKw2O/nFIqPQB3PVM9aYm0F312AXDQ==",
			"deprecated": "Use your platform's native DOMException instead",
			"funding": [
				{
					"type": "github",
					"url": "https://github.com/sponsors/jimmywarting"
				},
				{
					"type": "github",
					"url": "https://paypal.me/jimmywarting"
				}
			],
			"license": "MIT",
			"optional": true,
			"peer": true,
			"engines": {
				"node": ">=10.5.0"
			}
		},
		"node_modules/node-fetch": {
			"version": "3.3.2",
			"resolved": "https://registry.npmjs.org/node-fetch/-/node-fetch-3.3.2.tgz",
			"integrity": "sha512-dRB78srN/l6gqWulah9SrxeYnxeddIG30+GOqK/9OlLVyLg3HPnr6SqOWTWOXKRwC2eGYCkZ59NNuSgvSrpgOA==",
			"license": "MIT",
			"optional": true,
			"peer": true,
			"dependencies": {
				"data-uri-to-buffer": "^4.0.0",
				"fetch-blob": "^3.1.4",
				"formdata-polyfill": "^4.0.10"
			},
			"engines": {
				"node": "^12.20.0 || ^14.13.1 || >=16.0.0"
			},
			"funding": {
				"type": "opencollective",
				"url": "https://opencollective.com/node-fetch"
			}
		},
		"node_modules/promise-limit": {
			"version": "2.7.0",
			"resolved": "https://registry.npmjs.org/promise-limit/-/promise-limit-2.7.0.tgz",
			"integrity": "sha512-7nJ6v5lnJsXwGprnGXga4wx6d1POjvi5Qmf1ivTRxTjH4Z/9Czja/UCMLVmB9N93GeWOU93XaFaEt6jbuoagNw==",
			"license": "ISC",
			"optional": true,
			"peer": true
		},
		"node_modules/pvtsutils": {
			"version": "1.3.6",
			"resolved": "https://registry.npmjs.org/pvtsutils/-/pvtsutils-1.3.6.tgz",
			"integrity": "sha512-PLgQXQ6H2FWCaeRak8vvk1GW462lMxB5s3Jm673N82zI4vqtVUPuZdffdZbPDFRoU8kAhItWFtPCWiPpp4/EDg==",
			"license": "MIT",
			"dependencies": {
				"tslib": "^2.8.1"
			}
		},
		"node_modules/pvutils": {
			"version": "1.1.3",
			"resolved": "https://registry.npmjs.org/pvutils/-/pvutils-1.1.3.tgz",
			"integrity": "sha512-pMpnA0qRdFp32b1sJl1wOJNxZLQ2cbQx+k6tjNtZ8CpvVhNqEPRgivZ2WOUev2YMajecdH7ctUPDvEe87nariQ==",
			"license": "MIT",
			"engines": {
				"node": ">=6.0.0"
			}
		},
		"node_modules/rou3": {
			"version": "0.5.1",
			"resolved": "https://registry.npmjs.org/rou3/-/rou3-0.5.1.tgz",
			"integrity": "sha512-OXMmJ3zRk2xeXFGfA3K+EOPHC5u7RDFG7lIOx0X1pdnhUkI8MdVrbV+sNsD80ElpUZ+MRHdyxPnFthq9VHs8uQ==",
			"license": "MIT"
		},
		"node_modules/set-cookie-parser": {
			"version": "2.7.1",
			"resolved": "https://registry.npmjs.org/set-cookie-parser/-/set-cookie-parser-2.7.1.tgz",
			"integrity": "sha512-IOc8uWeOZgnb3ptbCURJWNjWUPcO3ZnTTdzsurqERrP6nPyv+paC55vJM0LpOlT2ne+Ix+9+CRG1MNLlyZ4GjQ==",
			"license": "MIT"
		},
		"node_modules/tslib": {
			"version": "2.8.1",
			"resolved": "https://registry.npmjs.org/tslib/-/tslib-2.8.1.tgz",
			"integrity": "sha512-oJFu94HQb+KVduSUQL7wnpmqnfmLsOA/nAh6b6EH0wCEoK0/mPeXU6c3wKDV83MkOuHPRHtSXKKU99IBazS/2w==",
			"license": "0BSD"
		},
		"node_modules/typescript": {
			"version": "5.8.3",
			"resolved": "https://registry.npmjs.org/typescript/-/typescript-5.8.3.tgz",
			"integrity": "sha512-p1diW6TqL9L07nNxvRMM7hMMw4c5XOo/1ibL4aAIGmSAt9slTE1Xgw5KWuof2uTOvCg9BY7ZRi+GaF+7sfgPeQ==",
			"license": "Apache-2.0",
			"bin": {
				"tsc": "bin/tsc",
				"tsserver": "bin/tsserver"
			},
			"engines": {
				"node": ">=14.17"
			}
		},
		"node_modules/uncrypto": {
			"version": "0.1.3",
			"resolved": "https://registry.npmjs.org/uncrypto/-/uncrypto-0.1.3.tgz",
			"integrity": "sha512-Ql87qFHB3s/De2ClA9e0gsnS6zXG27SkTiSJwjCc9MebbfapQfuPzumMIUMi38ezPZVNFcHI9sUIepeQfw8J8Q==",
			"license": "MIT"
		},
		"node_modules/undici-types": {
			"version": "6.21.0",
			"resolved": "https://registry.npmjs.org/undici-types/-/undici-types-6.21.0.tgz",
			"integrity": "sha512-iwDZqg0QAGrg9Rav5H4n0M64c3mkR59cJ6wQp+7C4nI0gsmExaedaYLNO44eT4AtBBwjbTiGPMlt2Md0T9H9JQ==",
			"devOptional": true,
			"license": "MIT"
		},
		"node_modules/web-streams-polyfill": {
			"version": "3.3.3",
			"resolved": "https://registry.npmjs.org/web-streams-polyfill/-/web-streams-polyfill-3.3.3.tgz",
			"integrity": "sha512-d2JWLCivmZYTSIoge9MsgFCZrt571BikcWGYkjC1khllbTeDlGqZ2D8vD8E/lJa8WGWbb7Plm8/XJYV7IJHZZw==",
			"license": "MIT",
			"optional": true,
			"peer": true,
			"engines": {
				"node": ">= 8"
			}
		},
		"node_modules/ws": {
			"version": "8.18.1",
			"resolved": "https://registry.npmjs.org/ws/-/ws-8.18.1.tgz",
			"integrity": "sha512-RKW2aJZMXeMxVpnZ6bck+RswznaxmzdULiBr6KY7XkTnW8uvt0iT9H5DkHUChXrc+uurzwa0rVI16n/Xzjdz1w==",
			"license": "MIT",
			"optional": true,
			"peer": true,
			"engines": {
				"node": ">=10.0.0"
			},
			"peerDependencies": {
				"bufferutil": "^4.0.1",
				"utf-8-validate": ">=5.0.2"
			},
			"peerDependenciesMeta": {
				"bufferutil": {
					"optional": true
				},
				"utf-8-validate": {
					"optional": true
				}
			}
		},
		"node_modules/zod": {
			"version": "3.24.3",
			"resolved": "https://registry.npmjs.org/zod/-/zod-3.24.3.tgz",
			"integrity": "sha512-HhY1oqzWCQWuUqvBFnsyrtZRhyPeR7SUGv+C4+MsisMuVfSPx8HpwWqH8tRahSlt6M3PiFAcoeFhZAqIXTxoSg==",
			"license": "MIT",
			"funding": {
				"url": "https://github.com/sponsors/colinhacks"
			}
		}
	}
}
